
Microsoft Visual Studio Solution File, Format Version 12.00
# Visual Studio 2012
Project("{FAE04EC0-301F-11D3-BF4B-00C04F79EFBC}") = "FlexDetectProj", "FlexDetectProj\FlexDetectProj.csproj", "{5018924D-5ECF-4341-927B-20E1848B0F02}"
EndProject
Global
	GlobalSection(SolutionConfigurationPlatforms) = preSolution
		Debug|Any CPU = Debug|Any CPU
		Release|Any CPU = Release|Any CPU
	EndGlobalSection
	GlobalSection(ProjectConfigurationPlatforms) = postSolution
		{5018924D-5ECF-4341-927B-20E1848B0F02}.Debug|Any CPU.ActiveCfg = Debug|Any CPU
		{5018924D-5ECF-4341-927B-20E1848B0F02}.Debug|Any CPU.Build.0 = Debug|Any CPU
		{5018924D-5ECF-4341-927B-20E1848B0F02}.Release|Any CPU.ActiveCfg = Release|Any CPU
		{5018924D-5ECF-4341-927B-20E1848B0F02}.Release|Any CPU.Build.0 = Release|Any CPU
	EndGlobalSection
	GlobalSection(SolutionProperties) = preSolution
		HideSolutionNode = FALSE
	EndGlobalSection
EndGlobal
