
Microsoft Visual Studio Solution File, Format Version 12.00
# Visual Studio 2012
Project("{FAE04EC0-301F-11D3-BF4B-00C04F79EFBC}") = "WindowsFormsApplication2", "WindowsFormsApplication2\WindowsFormsApplication2.csproj", "{BF52A56D-C0F2-4A83-A559-CD64F558AC13}"
EndProject
Project("{FAE04EC0-301F-11D3-BF4B-00C04F79EFBC}") = "MyTcp", "MyTcp\MyTcp.csproj", "{A990563B-03FE-4969-A03B-2D9C9E1B9F67}"
EndProject
Project("{FAE04EC0-301F-11D3-BF4B-00C04F79EFBC}") = "MyLog", "MyLog\MyLog.csproj", "{058B0BE5-B973-451C-8987-4C781C5D26C1}"
EndProject
Global
	GlobalSection(SolutionConfigurationPlatforms) = preSolution
		Debug|Any CPU = Debug|Any CPU
		Release|Any CPU = Release|Any CPU
	EndGlobalSection
	GlobalSection(ProjectConfigurationPlatforms) = postSolution
		{BF52A56D-C0F2-4A83-A559-CD64F558AC13}.Debug|Any CPU.ActiveCfg = Debug|Any CPU
		{BF52A56D-C0F2-4A83-A559-CD64F558AC13}.Debug|Any CPU.Build.0 = Debug|Any CPU
		{BF52A56D-C0F2-4A83-A559-CD64F558AC13}.Release|Any CPU.ActiveCfg = Release|Any CPU
		{BF52A56D-C0F2-4A83-A559-CD64F558AC13}.Release|Any CPU.Build.0 = Release|Any CPU
		{A990563B-03FE-4969-A03B-2D9C9E1B9F67}.Debug|Any CPU.ActiveCfg = Debug|Any CPU
		{A990563B-03FE-4969-A03B-2D9C9E1B9F67}.Debug|Any CPU.Build.0 = Debug|Any CPU
		{A990563B-03FE-4969-A03B-2D9C9E1B9F67}.Release|Any CPU.ActiveCfg = Release|Any CPU
		{A990563B-03FE-4969-A03B-2D9C9E1B9F67}.Release|Any CPU.Build.0 = Release|Any CPU
		{058B0BE5-B973-451C-8987-4C781C5D26C1}.Debug|Any CPU.ActiveCfg = Debug|Any CPU
		{058B0BE5-B973-451C-8987-4C781C5D26C1}.Debug|Any CPU.Build.0 = Debug|Any CPU
		{058B0BE5-B973-451C-8987-4C781C5D26C1}.Release|Any CPU.ActiveCfg = Release|Any CPU
		{058B0BE5-B973-451C-8987-4C781C5D26C1}.Release|Any CPU.Build.0 = Release|Any CPU
	EndGlobalSection
	GlobalSection(SolutionProperties) = preSolution
		HideSolutionNode = FALSE
	EndGlobalSection
EndGlobal
